
Microsoft Visual Studio Solution File, Format Version 12.00
# Visual Studio Version 16
VisualStudioVersion = 16.0.32413.511
MinimumVisualStudioVersion = 10.0.40219.1
Project("{FAE04EC0-301F-11D3-BF4B-00C04F79EFBC}") = "CanadaPoker", "CanadaPoker.csproj", "{728157B2-4660-4330-B5B3-16DF00690825}"
EndProject
Project("{FAE04EC0-301F-11D3-BF4B-00C04F79EFBC}") = "TestProject1", "..\TestProject1\TestProject1.csproj", "{845F973E-20B8-4327-92C2-A747D7A23D79}"
EndProject
Global
	GlobalSection(SolutionConfigurationPlatforms) = preSolution
		Debug|Any CPU = Debug|Any CPU
		Release|Any CPU = Release|Any CPU
	EndGlobalSection
	GlobalSection(ProjectConfigurationPlatforms) = postSolution
		{728157B2-4660-4330-B5B3-16DF00690825}.Debug|Any CPU.ActiveCfg = Debug|Any CPU
		{728157B2-4660-4330-B5B3-16DF00690825}.Debug|Any CPU.Build.0 = Debug|Any CPU
		{728157B2-4660-4330-B5B3-16DF00690825}.Release|Any CPU.ActiveCfg = Release|Any CPU
		{728157B2-4660-4330-B5B3-16DF00690825}.Release|Any CPU.Build.0 = Release|Any CPU
		{845F973E-20B8-4327-92C2-A747D7A23D79}.Debug|Any CPU.ActiveCfg = Debug|Any CPU
		{845F973E-20B8-4327-92C2-A747D7A23D79}.Debug|Any CPU.Build.0 = Debug|Any CPU
		{845F973E-20B8-4327-92C2-A747D7A23D79}.Release|Any CPU.ActiveCfg = Release|Any CPU
		{845F973E-20B8-4327-92C2-A747D7A23D79}.Release|Any CPU.Build.0 = Release|Any CPU
	EndGlobalSection
	GlobalSection(SolutionProperties) = preSolution
		HideSolutionNode = FALSE
	EndGlobalSection
	GlobalSection(ExtensibilityGlobals) = postSolution
		SolutionGuid = {849E04F4-72CB-4D5E-9BE3-7290390F4193}
	EndGlobalSection
EndGlobal
